
Microsoft Visual Studio Solution File, Format Version 12.00
# Visual Studio 2013
VisualStudioVersion = 12.0.31101.0
MinimumVisualStudioVersion = 10.0.40219.1
Project("{FAE04EC0-301F-11D3-BF4B-00C04F79EFBC}") = "BRGCaseMail", "BRGCaseMail\BRGCaseMail.csproj", "{26F8DE14-5FA0-4BFB-AF83-27B1F07D6DAF}"
EndProject
Project("{FAE04EC0-301F-11D3-BF4B-00C04F79EFBC}") = "BRGCaseMailServer", "BRGCaseMailServer\BRGCaseMailServer.csproj", "{B7DFB7CF-537C-4BDC-9697-3595E4646A9F}"
EndProject
Project("{FAE04EC0-301F-11D3-BF4B-00C04F79EFBC}") = "GMap.NET.Core", "GMap.NET.Core\GMap.NET.Core.csproj", "{D0C39D9D-BED0-418B-9A5E-713176CAF40C}"
EndProject
Project("{FAE04EC0-301F-11D3-BF4B-00C04F79EFBC}") = "GMap.NET.WindowsPresentation", "GMap.NET.WindowsPresentation\GMap.NET.WindowsPresentation.csproj", "{644FE7D4-0184-400F-B2D7-99CB41360658}"
EndProject
Project("{54435603-DBB4-11D2-8724-00A0C9A8B90C}") = "SetupBRGCaseMail", "SetupBRGCaseMail\SetupBRGCaseMail.vdproj", "{CB2AC3D2-B53A-4A69-BDBA-1BA98CAA8CA5}"
EndProject
Project("{FAE04EC0-301F-11D3-BF4B-00C04F79EFBC}") = "BKLeadsOnline.Domain", "BKLeadsOnline.Domain\BKLeadsOnline.Domain.csproj", "{6EB94B0C-E2C9-433C-88F0-72E3A60F83A6}"
EndProject
Global
	GlobalSection(SolutionConfigurationPlatforms) = preSolution
		Debug|Any CPU = Debug|Any CPU
		Debug|Mixed Platforms = Debug|Mixed Platforms
		Debug|x86 = Debug|x86
		Release|Any CPU = Release|Any CPU
		Release|Mixed Platforms = Release|Mixed Platforms
		Release|x86 = Release|x86
	EndGlobalSection
	GlobalSection(ProjectConfigurationPlatforms) = postSolution
		{26F8DE14-5FA0-4BFB-AF83-27B1F07D6DAF}.Debug|Any CPU.ActiveCfg = Debug|x86
		{26F8DE14-5FA0-4BFB-AF83-27B1F07D6DAF}.Debug|Mixed Platforms.ActiveCfg = Debug|x86
		{26F8DE14-5FA0-4BFB-AF83-27B1F07D6DAF}.Debug|Mixed Platforms.Build.0 = Debug|x86
		{26F8DE14-5FA0-4BFB-AF83-27B1F07D6DAF}.Debug|x86.ActiveCfg = Debug|x86
		{26F8DE14-5FA0-4BFB-AF83-27B1F07D6DAF}.Debug|x86.Build.0 = Debug|x86
		{26F8DE14-5FA0-4BFB-AF83-27B1F07D6DAF}.Release|Any CPU.ActiveCfg = Release|x86
		{26F8DE14-5FA0-4BFB-AF83-27B1F07D6DAF}.Release|Mixed Platforms.ActiveCfg = Release|x86
		{26F8DE14-5FA0-4BFB-AF83-27B1F07D6DAF}.Release|Mixed Platforms.Build.0 = Release|x86
		{26F8DE14-5FA0-4BFB-AF83-27B1F07D6DAF}.Release|x86.ActiveCfg = Release|x86
		{26F8DE14-5FA0-4BFB-AF83-27B1F07D6DAF}.Release|x86.Build.0 = Release|x86
		{B7DFB7CF-537C-4BDC-9697-3595E4646A9F}.Debug|Any CPU.ActiveCfg = Debug|Any CPU
		{B7DFB7CF-537C-4BDC-9697-3595E4646A9F}.Debug|Any CPU.Build.0 = Debug|Any CPU
		{B7DFB7CF-537C-4BDC-9697-3595E4646A9F}.Debug|Mixed Platforms.ActiveCfg = Debug|Any CPU
		{B7DFB7CF-537C-4BDC-9697-3595E4646A9F}.Debug|Mixed Platforms.Build.0 = Debug|Any CPU
		{B7DFB7CF-537C-4BDC-9697-3595E4646A9F}.Debug|x86.ActiveCfg = Debug|Any CPU
		{B7DFB7CF-537C-4BDC-9697-3595E4646A9F}.Release|Any CPU.ActiveCfg = Release|Any CPU
		{B7DFB7CF-537C-4BDC-9697-3595E4646A9F}.Release|Any CPU.Build.0 = Release|Any CPU
		{B7DFB7CF-537C-4BDC-9697-3595E4646A9F}.Release|Mixed Platforms.ActiveCfg = Release|Any CPU
		{B7DFB7CF-537C-4BDC-9697-3595E4646A9F}.Release|Mixed Platforms.Build.0 = Release|Any CPU
		{B7DFB7CF-537C-4BDC-9697-3595E4646A9F}.Release|x86.ActiveCfg = Release|Any CPU
		{D0C39D9D-BED0-418B-9A5E-713176CAF40C}.Debug|Any CPU.ActiveCfg = Debug|Any CPU
		{D0C39D9D-BED0-418B-9A5E-713176CAF40C}.Debug|Any CPU.Build.0 = Debug|Any CPU
		{D0C39D9D-BED0-418B-9A5E-713176CAF40C}.Debug|Mixed Platforms.ActiveCfg = Debug|Any CPU
		{D0C39D9D-BED0-418B-9A5E-713176CAF40C}.Debug|Mixed Platforms.Build.0 = Debug|Any CPU
		{D0C39D9D-BED0-418B-9A5E-713176CAF40C}.Debug|x86.ActiveCfg = Debug|Any CPU
		{D0C39D9D-BED0-418B-9A5E-713176CAF40C}.Release|Any CPU.ActiveCfg = Release|Any CPU
		{D0C39D9D-BED0-418B-9A5E-713176CAF40C}.Release|Any CPU.Build.0 = Release|Any CPU
		{D0C39D9D-BED0-418B-9A5E-713176CAF40C}.Release|Mixed Platforms.ActiveCfg = Release|Any CPU
		{D0C39D9D-BED0-418B-9A5E-713176CAF40C}.Release|Mixed Platforms.Build.0 = Release|Any CPU
		{D0C39D9D-BED0-418B-9A5E-713176CAF40C}.Release|x86.ActiveCfg = Release|Any CPU
		{644FE7D4-0184-400F-B2D7-99CB41360658}.Debug|Any CPU.ActiveCfg = Debug|Any CPU
		{644FE7D4-0184-400F-B2D7-99CB41360658}.Debug|Any CPU.Build.0 = Debug|Any CPU
		{644FE7D4-0184-400F-B2D7-99CB41360658}.Debug|Mixed Platforms.ActiveCfg = Debug|Any CPU
		{644FE7D4-0184-400F-B2D7-99CB41360658}.Debug|Mixed Platforms.Build.0 = Debug|Any CPU
		{644FE7D4-0184-400F-B2D7-99CB41360658}.Debug|x86.ActiveCfg = Debug|Any CPU
		{644FE7D4-0184-400F-B2D7-99CB41360658}.Release|Any CPU.ActiveCfg = Release|Any CPU
		{644FE7D4-0184-400F-B2D7-99CB41360658}.Release|Any CPU.Build.0 = Release|Any CPU
		{644FE7D4-0184-400F-B2D7-99CB41360658}.Release|Mixed Platforms.ActiveCfg = Release|Any CPU
		{644FE7D4-0184-400F-B2D7-99CB41360658}.Release|Mixed Platforms.Build.0 = Release|Any CPU
		{644FE7D4-0184-400F-B2D7-99CB41360658}.Release|x86.ActiveCfg = Release|Any CPU
		{CB2AC3D2-B53A-4A69-BDBA-1BA98CAA8CA5}.Debug|Any CPU.ActiveCfg = Debug
		{CB2AC3D2-B53A-4A69-BDBA-1BA98CAA8CA5}.Debug|Mixed Platforms.ActiveCfg = Debug
		{CB2AC3D2-B53A-4A69-BDBA-1BA98CAA8CA5}.Debug|x86.ActiveCfg = Debug
		{CB2AC3D2-B53A-4A69-BDBA-1BA98CAA8CA5}.Release|Any CPU.ActiveCfg = Release
		{CB2AC3D2-B53A-4A69-BDBA-1BA98CAA8CA5}.Release|Mixed Platforms.ActiveCfg = Release
		{CB2AC3D2-B53A-4A69-BDBA-1BA98CAA8CA5}.Release|x86.ActiveCfg = Release
		{6EB94B0C-E2C9-433C-88F0-72E3A60F83A6}.Debug|Any CPU.ActiveCfg = Debug|Any CPU
		{6EB94B0C-E2C9-433C-88F0-72E3A60F83A6}.Debug|Any CPU.Build.0 = Debug|Any CPU
		{6EB94B0C-E2C9-433C-88F0-72E3A60F83A6}.Debug|Mixed Platforms.ActiveCfg = Debug|Any CPU
		{6EB94B0C-E2C9-433C-88F0-72E3A60F83A6}.Debug|Mixed Platforms.Build.0 = Debug|Any CPU
		{6EB94B0C-E2C9-433C-88F0-72E3A60F83A6}.Debug|x86.ActiveCfg = Debug|Any CPU
		{6EB94B0C-E2C9-433C-88F0-72E3A60F83A6}.Release|Any CPU.ActiveCfg = Release|Any CPU
		{6EB94B0C-E2C9-433C-88F0-72E3A60F83A6}.Release|Any CPU.Build.0 = Release|Any CPU
		{6EB94B0C-E2C9-433C-88F0-72E3A60F83A6}.Release|Mixed Platforms.ActiveCfg = Release|Any CPU
		{6EB94B0C-E2C9-433C-88F0-72E3A60F83A6}.Release|Mixed Platforms.Build.0 = Release|Any CPU
		{6EB94B0C-E2C9-433C-88F0-72E3A60F83A6}.Release|x86.ActiveCfg = Release|Any CPU
	EndGlobalSection
	GlobalSection(SolutionProperties) = preSolution
		HideSolutionNode = FALSE
	EndGlobalSection
EndGlobal
